
Microsoft Visual Studio Solution File, Format Version 12.00
# Visual Studio Version 17
VisualStudioVersion = 17.9.34902.65
MinimumVisualStudioVersion = 10.0.40219.1
Project("{FAE04EC0-301F-11D3-BF4B-00C04F79EFBC}") = "FileManagerDesktop", "FileManagerDesktop\FileManagerDesktop.csproj", "{AE3937B8-4140-4CF0-A9FB-74152D8A47FD}"
EndProject
Global
	GlobalSection(SolutionConfigurationPlatforms) = preSolution
		Debug|Any CPU = Debug|Any CPU
		Release|Any CPU = Release|Any CPU
	EndGlobalSection
	GlobalSection(ProjectConfigurationPlatforms) = postSolution
		{AE3937B8-4140-4CF0-A9FB-74152D8A47FD}.Debug|Any CPU.ActiveCfg = Debug|Any CPU
		{AE3937B8-4140-4CF0-A9FB-74152D8A47FD}.Debug|Any CPU.Build.0 = Debug|Any CPU
		{AE3937B8-4140-4CF0-A9FB-74152D8A47FD}.Release|Any CPU.ActiveCfg = Release|Any CPU
		{AE3937B8-4140-4CF0-A9FB-74152D8A47FD}.Release|Any CPU.Build.0 = Release|Any CPU
	EndGlobalSection
	GlobalSection(SolutionProperties) = preSolution
		HideSolutionNode = FALSE
	EndGlobalSection
	GlobalSection(ExtensibilityGlobals) = postSolution
		SolutionGuid = {5F2D19E0-5F08-4444-AB2E-5CE4AEE6C4D1}
	EndGlobalSection
EndGlobal
